<Solution>
  <Folder Name="/src/">
    <Project Path="src/ExecutionContinuity.Domain/ExecutionContinuity.Domain.csproj" />
    <Project Path="src/ExecutionContinuity.Persistence/ExecutionContinuity.Persistence.csproj" />
    <Project Path="src/ExecutionContinuity.App/ExecutionContinuity.App.csproj" />
  </Folder>
  <Folder Name="/tests/">
    <Project Path="tests/ExecutionContinuity.Domain.Tests/ExecutionContinuity.Domain.Tests.csproj" />
    <Project Path="tests/ExecutionContinuity.Persistence.Tests/ExecutionContinuity.Persistence.Tests.csproj" />
    <Project Path="tests/ExecutionContinuity.App.Tests/ExecutionContinuity.App.Tests.csproj" />
    <Project Path="tests/ExecutionContinuity.UiFixture/ExecutionContinuity.UiFixture.csproj" />
    <Project Path="tests/ExecutionContinuity.UiFixture.Reuse/ExecutionContinuity.UiFixture.Reuse.csproj" />
    <Project Path="tests/ExecutionContinuity.UiFixture.FailSave/ExecutionContinuity.UiFixture.FailSave.csproj" />
  </Folder>
</Solution>
